
Microsoft Visual Studio Solution File, Format Version 12.00
# Visual Studio 15
VisualStudioVersion = 15.0.27703.2042
MinimumVisualStudioVersion = 10.0.40219.1
Project("{FAE04EC0-301F-11D3-BF4B-00C04F79EFBC}") = "ABCProject", "ABCProject\ABCProject.csproj", "{8FAFA6BA-462E-4D68-8FEC-79425AD167A5}"
EndProject
Project("{FAE04EC0-301F-11D3-BF4B-00C04F79EFBC}") = "ABCPharmaService", "ABCPharmaService\ABCPharmaService.csproj", "{717C852B-8516-4522-B4B8-7E2E59827E2F}"
EndProject
Global
	GlobalSection(SolutionConfigurationPlatforms) = preSolution
		Debug|Any CPU = Debug|Any CPU
		Release|Any CPU = Release|Any CPU
	EndGlobalSection
	GlobalSection(ProjectConfigurationPlatforms) = postSolution
		{8FAFA6BA-462E-4D68-8FEC-79425AD167A5}.Debug|Any CPU.ActiveCfg = Debug|Any CPU
		{8FAFA6BA-462E-4D68-8FEC-79425AD167A5}.Debug|Any CPU.Build.0 = Debug|Any CPU
		{8FAFA6BA-462E-4D68-8FEC-79425AD167A5}.Release|Any CPU.ActiveCfg = Release|Any CPU
		{8FAFA6BA-462E-4D68-8FEC-79425AD167A5}.Release|Any CPU.Build.0 = Release|Any CPU
		{717C852B-8516-4522-B4B8-7E2E59827E2F}.Debug|Any CPU.ActiveCfg = Debug|Any CPU
		{717C852B-8516-4522-B4B8-7E2E59827E2F}.Debug|Any CPU.Build.0 = Debug|Any CPU
		{717C852B-8516-4522-B4B8-7E2E59827E2F}.Release|Any CPU.ActiveCfg = Release|Any CPU
		{717C852B-8516-4522-B4B8-7E2E59827E2F}.Release|Any CPU.Build.0 = Release|Any CPU
	EndGlobalSection
	GlobalSection(SolutionProperties) = preSolution
		HideSolutionNode = FALSE
	EndGlobalSection
	GlobalSection(ExtensibilityGlobals) = postSolution
		SolutionGuid = {F505C12C-1B4E-4466-8937-CCE67CE23158}
	EndGlobalSection
EndGlobal
